{
  "version": 4,
  "terraform_version": "1.2.6",
  "serial": 11,
  "lineage": "52da26df-417e-06b4-914c-4f9ed587c2ba",
  "outputs": {},
  "resources": [
    {
      "mode": "data",
      "type": "google_compute_network",
      "name": "default",
      "provider": "provider[\"registry.terraform.io/hashicorp/google\"]",
      "instances": [
        {
          "schema_version": 0,
          "attributes": {
            "description": "Default network for the project",
            "gateway_ipv4": "",
            "id": "projects/decoded-path-356013/global/networks/default",
            "name": "default",
            "project": null,
            "self_link": "https://www.googleapis.com/compute/v1/projects/decoded-path-356013/global/networks/default",
            "subnetworks_self_links": [
              "https://www.googleapis.com/compute/v1/projects/decoded-path-356013/regions/northamerica-northeast2/subnetworks/default",
              "https://www.googleapis.com/compute/v1/projects/decoded-path-356013/regions/europe-central2/subnetworks/default",
              "https://www.googleapis.com/compute/v1/projects/decoded-path-356013/regions/asia-northeast3/subnetworks/default",
              "https://www.googleapis.com/compute/v1/projects/decoded-path-356013/regions/asia-northeast1/subnetworks/default",
              "https://www.googleapis.com/compute/v1/projects/decoded-path-356013/regions/us-south1/subnetworks/default",
              "https://www.googleapis.com/compute/v1/projects/decoded-path-356013/regions/us-west1/subnetworks/default",
              "https://www.googleapis.com/compute/v1/projects/decoded-path-356013/regions/europe-west8/subnetworks/default",
              "https://www.googleapis.com/compute/v1/projects/decoded-path-356013/regions/us-west2/subnetworks/default",
              "https://www.googleapis.com/compute/v1/projects/decoded-path-356013/regions/me-west1/subnetworks/default",
              "https://www.googleapis.com/compute/v1/projects/decoded-path-356013/regions/europe-west6/subnetworks/default",
              "https://www.googleapis.com/compute/v1/projects/decoded-path-356013/regions/us-west4/subnetworks/default",
              "https://www.googleapis.com/compute/v1/projects/decoded-path-356013/regions/us-east7/subnetworks/default",
              "https://www.googleapis.com/compute/v1/projects/decoded-path-356013/regions/asia-east1/subnetworks/default",
              "https://www.googleapis.com/compute/v1/projects/decoded-path-356013/regions/southamerica-west1/subnetworks/default",
              "https://www.googleapis.com/compute/v1/projects/decoded-path-356013/regions/asia-south1/subnetworks/default",
              "https://www.googleapis.com/compute/v1/projects/decoded-path-356013/regions/europe-west3/subnetworks/default",
              "https://www.googleapis.com/compute/v1/projects/decoded-path-356013/regions/asia-east2/subnetworks/default",
              "https://www.googleapis.com/compute/v1/projects/decoded-path-356013/regions/europe-west2/subnetworks/default",
              "https://www.googleapis.com/compute/v1/projects/decoded-path-356013/regions/australia-southeast1/subnetworks/default",
              "https://www.googleapis.com/compute/v1/projects/decoded-path-356013/regions/australia-southeast2/subnetworks/default",
              "https://www.googleapis.com/compute/v1/projects/decoded-path-356013/regions/us-east4/subnetworks/default",
              "https://www.googleapis.com/compute/v1/projects/decoded-path-356013/regions/europe-north1/subnetworks/default",
              "https://www.googleapis.com/compute/v1/projects/decoded-path-356013/regions/us-east1/subnetworks/default",
              "https://www.googleapis.com/compute/v1/projects/decoded-path-356013/regions/us-central1/subnetworks/default",
              "https://www.googleapis.com/compute/v1/projects/decoded-path-356013/regions/europe-southwest1/subnetworks/default",
              "https://www.googleapis.com/compute/v1/projects/decoded-path-356013/regions/asia-southeast2/subnetworks/default",
              "https://www.googleapis.com/compute/v1/projects/decoded-path-356013/regions/europe-west1/subnetworks/default",
              "https://www.googleapis.com/compute/v1/projects/decoded-path-356013/regions/europe-west4/subnetworks/default",
              "https://www.googleapis.com/compute/v1/projects/decoded-path-356013/regions/southamerica-east1/subnetworks/default",
              "https://www.googleapis.com/compute/v1/projects/decoded-path-356013/regions/asia-south2/subnetworks/default",
              "https://www.googleapis.com/compute/v1/projects/decoded-path-356013/regions/us-west3/subnetworks/default",
              "https://www.googleapis.com/compute/v1/projects/decoded-path-356013/regions/us-east5/subnetworks/default",
              "https://www.googleapis.com/compute/v1/projects/decoded-path-356013/regions/asia-southeast1/subnetworks/default",
              "https://www.googleapis.com/compute/v1/projects/decoded-path-356013/regions/europe-west9/subnetworks/default",
              "https://www.googleapis.com/compute/v1/projects/decoded-path-356013/regions/asia-northeast2/subnetworks/default",
              "https://www.googleapis.com/compute/v1/projects/decoded-path-356013/regions/northamerica-northeast1/subnetworks/default"
            ]
          },
          "sensitive_attributes": []
        }
      ]
    },
    {
      "mode": "managed",
      "type": "google_compute_instance",
      "name": "vm_instance",
      "provider": "provider[\"registry.terraform.io/hashicorp/google\"]",
      "instances": [
        {
          "schema_version": 6,
          "attributes": {
            "advanced_machine_features": [],
            "allow_stopping_for_update": null,
            "attached_disk": [],
            "boot_disk": [
              {
                "auto_delete": true,
                "device_name": "persistent-disk-0",
                "disk_encryption_key_raw": "",
                "disk_encryption_key_sha256": "",
                "initialize_params": [
                  {
                    "image": "https://www.googleapis.com/compute/v1/projects/debian-cloud/global/images/debian-10-buster-v20220822",
                    "labels": {},
                    "size": 10,
                    "type": "pd-standard"
                  }
                ],
                "kms_key_self_link": "",
                "mode": "READ_WRITE",
                "source": "https://www.googleapis.com/compute/v1/projects/decoded-path-356013/zones/us-central1-c/disks/terraform-instance"
              }
            ],
            "can_ip_forward": false,
            "confidential_instance_config": [],
            "cpu_platform": "Intel Haswell",
            "current_status": "RUNNING",
            "deletion_protection": false,
            "description": "",
            "desired_status": null,
            "enable_display": false,
            "guest_accelerator": [],
            "hostname": "",
            "id": "projects/decoded-path-356013/zones/us-central1-c/instances/terraform-instance",
            "instance_id": "3121670512670558986",
            "label_fingerprint": "42WmSpB8rSM=",
            "labels": {},
            "machine_type": "f1-micro",
            "metadata": {},
            "metadata_fingerprint": "sZsktGTVqmI=",
            "metadata_startup_script": null,
            "min_cpu_platform": "",
            "name": "terraform-instance",
            "network_interface": [
              {
                "access_config": [
                  {
                    "nat_ip": "35.225.15.22",
                    "network_tier": "PREMIUM",
                    "public_ptr_domain_name": ""
                  }
                ],
                "alias_ip_range": [],
                "ipv6_access_config": [],
                "ipv6_access_type": "",
                "name": "nic0",
                "network": "https://www.googleapis.com/compute/v1/projects/decoded-path-356013/global/networks/terraform-network",
                "network_ip": "10.128.0.2",
                "nic_type": "",
                "queue_count": 0,
                "stack_type": "IPV4_ONLY",
                "subnetwork": "https://www.googleapis.com/compute/v1/projects/decoded-path-356013/regions/us-central1/subnetworks/terraform-network",
                "subnetwork_project": "decoded-path-356013"
              }
            ],
            "project": "decoded-path-356013",
            "reservation_affinity": [],
            "resource_policies": [],
            "scheduling": [
              {
                "automatic_restart": true,
                "instance_termination_action": "",
                "min_node_cpus": 0,
                "node_affinities": [],
                "on_host_maintenance": "MIGRATE",
                "preemptible": false,
                "provisioning_model": "STANDARD"
              }
            ],
            "scratch_disk": [],
            "self_link": "https://www.googleapis.com/compute/v1/projects/decoded-path-356013/zones/us-central1-c/instances/terraform-instance",
            "service_account": [],
            "shielded_instance_config": [
              {
                "enable_integrity_monitoring": true,
                "enable_secure_boot": false,
                "enable_vtpm": true
              }
            ],
            "tags": [],
            "tags_fingerprint": "42WmSpB8rSM=",
            "timeouts": null,
            "zone": "us-central1-c"
          },
          "sensitive_attributes": [],
          "private": "eyJlMmJmYjczMC1lY2FhLTExZTYtOGY4OC0zNDM2M2JjN2M0YzAiOnsiY3JlYXRlIjoxMjAwMDAwMDAwMDAwLCJkZWxldGUiOjEyMDAwMDAwMDAwMDAsInVwZGF0ZSI6MTIwMDAwMDAwMDAwMH0sInNjaGVtYV92ZXJzaW9uIjoiNiJ9",
          "dependencies": [
            "google_compute_network.vpc_network"
          ]
        }
      ]
    },
    {
      "mode": "managed",
      "type": "google_compute_network",
      "name": "vpc_network",
      "provider": "provider[\"registry.terraform.io/hashicorp/google\"]",
      "instances": [
        {
          "schema_version": 0,
          "attributes": {
            "auto_create_subnetworks": true,
            "delete_default_routes_on_create": false,
            "description": "",
            "enable_ula_internal_ipv6": false,
            "gateway_ipv4": "",
            "id": "projects/decoded-path-356013/global/networks/terraform-network",
            "internal_ipv6_range": "",
            "mtu": 0,
            "name": "terraform-network",
            "project": "decoded-path-356013",
            "routing_mode": "REGIONAL",
            "self_link": "https://www.googleapis.com/compute/v1/projects/decoded-path-356013/global/networks/terraform-network",
            "timeouts": null
          },
          "sensitive_attributes": [],
          "private": "eyJlMmJmYjczMC1lY2FhLTExZTYtOGY4OC0zNDM2M2JjN2M0YzAiOnsiY3JlYXRlIjoxMjAwMDAwMDAwMDAwLCJkZWxldGUiOjEyMDAwMDAwMDAwMDAsInVwZGF0ZSI6MTIwMDAwMDAwMDAwMH19"
        }
      ]
    }
  ]
}
